
Microsoft Visual Studio Solution File, Format Version 12.00
# Visual Studio 15
VisualStudioVersion = 15.0.28306.52
MinimumVisualStudioVersion = 10.0.40219.1
Project("{888888A0-9F3D-457C-B088-3A5042F75D52}") = "bot", "bot\bot.pyproj", "{45F8EC43-63F3-4E95-B02D-6506E9189172}"
EndProject
Global
	GlobalSection(SolutionConfigurationPlatforms) = preSolution
		Debug|Any CPU = Debug|Any CPU
		Release|Any CPU = Release|Any CPU
	EndGlobalSection
	GlobalSection(ProjectConfigurationPlatforms) = postSolution
		{45F8EC43-63F3-4E95-B02D-6506E9189172}.Debug|Any CPU.ActiveCfg = Debug|Any CPU
		{45F8EC43-63F3-4E95-B02D-6506E9189172}.Release|Any CPU.ActiveCfg = Release|Any CPU
	EndGlobalSection
	GlobalSection(SolutionProperties) = preSolution
		HideSolutionNode = FALSE
	EndGlobalSection
	GlobalSection(ExtensibilityGlobals) = postSolution
		SolutionGuid = {E0192565-EAD3-47F3-9BD3-8EDBC0AE3C05}
	EndGlobalSection
EndGlobal
